# THIS IS AN AUTOGENERATED FILE. DO NOT EDIT THIS FILE DIRECTLY.
# yarn lockfile v1


"@types/dompurify@2.2.3":
  "integrity" "sha512-CLtc2mZK8+axmrz1JqtpklO/Kvn38arGc8o1l3UVopZaXXuer9ONdZwJ/9f226GrhRLtUmLr9WrvZsRSNpS8og=="
  "resolved" "https://registry.npmjs.org/@types/dompurify/-/dompurify-2.2.3.tgz"
  "version" "2.2.3"
  dependencies:
    "@types/trusted-types" "*"

"@types/trusted-types@*":
  "integrity" "sha512-F5DIZ36YVLE+PN+Zwws4kJogq47hNgX3Nx6WyDJ3kcplxyke3XIzB8uK5n/Lpm1HBsbGzd6nmGehL8cPekP+Tg=="
  "resolved" "https://registry.npmjs.org/@types/trusted-types/-/trusted-types-2.0.2.tgz"
  "version" "2.0.2"

"js-tokens@^3.0.0 || ^4.0.0":
  "integrity" "sha512-RdJUflcE3cUzKiMqQgsCu06FPu9UdIJO0beYbPhHN4k6apgJtifcoCtT9bcxOpYBtpD2kCM6Sbzg4CausW/PKQ=="
  "resolved" "https://registry.npmjs.org/js-tokens/-/js-tokens-4.0.0.tgz"
  "version" "4.0.0"

"loose-envify@^1.4.0":
  "integrity" "sha512-lyuxPGr/Wfhrlem2CL/UcnUc1zcqKAImBDzukY7Y5F/yQiNdko6+fRLevlw1HgMySw7f611UIY408EtxRSoK3Q=="
  "resolved" "https://registry.npmjs.org/loose-envify/-/loose-envify-1.4.0.tgz"
  "version" "1.4.0"
  dependencies:
    "js-tokens" "^3.0.0 || ^4.0.0"

"object-assign@^4.1.1":
  "integrity" "sha1-IQmtx5ZYh8/AXLvUQsrIv7s2CGM="
  "resolved" "https://registry.npmjs.org/object-assign/-/object-assign-4.1.1.tgz"
  "version" "4.1.1"

"prop-types@^15.5.8":
  "integrity" "sha512-8QQikdH7//R2vurIJSutZ1smHYTcLpRWEOlHnzcWHmBYrOGUysKwSsrC89BCiFj3CbrfJ/nXFdJepOVrY1GCHQ=="
  "resolved" "https://registry.npmjs.org/prop-types/-/prop-types-15.7.2.tgz"
  "version" "15.7.2"
  dependencies:
    "loose-envify" "^1.4.0"
    "object-assign" "^4.1.1"
    "react-is" "^16.8.1"

"react-infinite-scroller@^1.2.4":
  "integrity" "sha512-/oOa0QhZjXPqaD6sictN2edFMsd3kkMiE19Vcz5JDgHpzEJVqYcmq+V3mkwO88087kvKGe1URNksHEOt839Ubw=="
  "resolved" "https://registry.npmjs.org/react-infinite-scroller/-/react-infinite-scroller-1.2.4.tgz"
  "version" "1.2.4"
  dependencies:
    "prop-types" "^15.5.8"

"react-is@^16.8.1":
  "integrity" "sha512-24e6ynE2H+OKt4kqsOvNd8kBpV65zoxbA4BVsEOB3ARVWQki/DHzaUoC5KuON/BiccDaCCTZBuOcfZs70kR8bQ=="
  "resolved" "https://registry.npmjs.org/react-is/-/react-is-16.13.1.tgz"
  "version" "16.13.1"
